{
  "version": 4,
  "terraform_version": "1.14.8",
  "serial": 26,
  "lineage": "d2ac6806-e3db-cbc5-464e-575842e9c403",
  "outputs": {
    "master_private_ip": {
      "value": "10.0.1.10",
      "type": "string"
    },
    "master_public_ip": {
      "value": "51.124.159.85",
      "type": "string"
    },
    "ssh_master": {
      "value": "ssh -i ~/.ssh/id_rsa azureuser@51.124.159.85",
      "type": "string"
    },
    "worker_private_ips": {
      "value": [
        "10.0.1.11",
        "10.0.1.12"
      ],
      "type": [
        "tuple",
        [
          "string",
          "string"
        ]
      ]
    },
    "worker_public_ips": {
      "value": [
        "40.113.141.158",
        "51.124.248.198"
      ],
      "type": [
        "tuple",
        [
          "string",
          "string"
        ]
      ]
    }
  },
  "resources": [
    {
      "mode": "managed",
      "type": "azurerm_linux_virtual_machine",
      "name": "master",
      "provider": "provider[\"registry.terraform.io/hashicorp/azurerm\"]",
      "instances": [
        {
          "schema_version": 0,
          "attributes": {
            "additional_capabilities": [],
            "admin_password": null,
            "admin_ssh_key": [
              {
                "public_key": "ssh-rsa AAAAB3NzaC1yc2EAAAADAQABAAACAQCP7yA0jOsTE6qfuxWeMWBNrv6lJULrscZBc+s1SfSXEJYbZig8dBbzOayToM3bivJ9zZaj0nbN6fXrQ97Ouz4PE31WeyfX9b10Zn1x6kO0SRZckncMSZUNL9pCm//SAflhkhYop+m7D6TMyyaUdsgznK2K8fKmci+npVDpZ2OlNOXDsFX5FLVp7+YmkwtdV9+y8y9ytVh+W2JddLi0bixXKkoXBEEu7uMvRzKfHifvWInhcR4P2QBejSBt+YSR8viBd2yAqO4aacGa5ZYJin2QC/IQRqhzh0HhlqE70fcUW8ttZAexNM/R+w7GP/NxB4IRboLZaIzz8q9JxprjYg26eS+LZMaJCNkOr3Ju/wMIc1RcmciTCUJ/lQmc0bdksJuyvesbHcFCURdBauRexdrsGSLUhVGFA8zm+thmPpsqXt8OANGrwwMIIWWuTfp2vmhb9NUuIZjjq66KLqV6/5Bg1eK94gThXYSSxe22+ARNEtLediPaZSRw8vQBOoQ3uOuT0Bz9nASEAwZKz1PFzXfwDskVzhKLv7oqnAW7GuScGc7pcu2jfcOtQWARXzJkXkpt/xzd2cR5svmnrOki9lCgYitSXC1hazv1Wnx5gDKLy09IkG2W6bNG0mMOWMXpZJJzAHO+EPRQarXhKc+GrUehvV85nGDpDuSxUUWfEMguNw== samir@SandboxHost-639119361290448026",
                "username": "azureuser"
              }
            ],
            "admin_username": "azureuser",
            "allow_extension_operations": true,
            "availability_set_id": "",
            "boot_diagnostics": [],
            "bypass_platform_safety_checks_on_user_schedule_enabled": false,
            "capacity_reservation_group_id": "",
            "computer_name": "alm-iac-master",
            "custom_data": null,
            "dedicated_host_group_id": "",
            "dedicated_host_id": "",
            "disable_password_authentication": true,
            "disk_controller_type": "NVMe",
            "edge_zone": "",
            "encryption_at_host_enabled": false,
            "eviction_policy": "",
            "extensions_time_budget": "PT1H30M",
            "gallery_application": [],
            "id": "/subscriptions/5eca8571-53e5-4e01-8013-33131d6861dd/resourceGroups/alm-iac-rg/providers/Microsoft.Compute/virtualMachines/alm-iac-master",
            "identity": [],
            "license_type": "",
            "location": "westeurope",
            "max_bid_price": -1,
            "name": "alm-iac-master",
            "network_interface_ids": [
              "/subscriptions/5eca8571-53e5-4e01-8013-33131d6861dd/resourceGroups/alm-iac-rg/providers/Microsoft.Network/networkInterfaces/alm-iac-master-nic"
            ],
            "os_disk": [
              {
                "caching": "ReadWrite",
                "diff_disk_settings": [],
                "disk_encryption_set_id": "",
                "disk_size_gb": 50,
                "id": "/subscriptions/5eca8571-53e5-4e01-8013-33131d6861dd/resourceGroups/alm-iac-rg/providers/Microsoft.Compute/disks/alm-iac-master_OsDisk_1_c1bf17e9b35247b48bf5f50b3ebb8b8d",
                "name": "alm-iac-master_OsDisk_1_c1bf17e9b35247b48bf5f50b3ebb8b8d",
                "secure_vm_disk_encryption_set_id": "",
                "security_encryption_type": "",
                "storage_account_type": "Premium_LRS",
                "write_accelerator_enabled": false
              }
            ],
            "os_image_notification": [],
            "os_managed_disk_id": "/subscriptions/5eca8571-53e5-4e01-8013-33131d6861dd/resourceGroups/alm-iac-rg/providers/Microsoft.Compute/disks/alm-iac-master_OsDisk_1_c1bf17e9b35247b48bf5f50b3ebb8b8d",
            "patch_assessment_mode": "ImageDefault",
            "patch_mode": "ImageDefault",
            "plan": [],
            "platform_fault_domain": -1,
            "priority": "Regular",
            "private_ip_address": "10.0.1.10",
            "private_ip_addresses": [
              "10.0.1.10"
            ],
            "provision_vm_agent": true,
            "proximity_placement_group_id": "",
            "public_ip_address": "51.124.159.85",
            "public_ip_addresses": [
              "51.124.159.85"
            ],
            "reboot_setting": "",
            "resource_group_name": "alm-iac-rg",
            "secret": [],
            "secure_boot_enabled": false,
            "size": "Standard_D2as_v6",
            "source_image_id": "",
            "source_image_reference": [
              {
                "offer": "almalinux-x86_64",
                "publisher": "almalinux",
                "sku": "9-gen2",
                "version": "latest"
              }
            ],
            "tags": {
              "role": "master"
            },
            "termination_notification": [],
            "timeouts": null,
            "user_data": "",
            "virtual_machine_id": "e453307e-5a64-4ed9-9cec-22099ad23aa0",
            "virtual_machine_scale_set_id": "",
            "vm_agent_platform_updates_enabled": false,
            "vtpm_enabled": false,
            "zone": ""
          },
          "sensitive_attributes": [
            [
              {
                "type": "get_attr",
                "value": "admin_password"
              }
            ],
            [
              {
                "type": "get_attr",
                "value": "custom_data"
              }
            ]
          ],
          "identity_schema_version": 0,
          "private": "eyJlMmJmYjczMC1lY2FhLTExZTYtOGY4OC0zNDM2M2JjN2M0YzAiOnsiY3JlYXRlIjoyNzAwMDAwMDAwMDAwLCJkZWxldGUiOjI3MDAwMDAwMDAwMDAsInJlYWQiOjMwMDAwMDAwMDAwMCwidXBkYXRlIjoyNzAwMDAwMDAwMDAwfX0=",
          "dependencies": [
            "azurerm_network_interface.master",
            "azurerm_public_ip.master",
            "azurerm_resource_group.main",
            "azurerm_subnet.main",
            "azurerm_virtual_network.main",
            "time_sleep.wait_for_vnet"
          ]
        }
      ]
    },
    {
      "mode": "managed",
      "type": "azurerm_linux_virtual_machine",
      "name": "worker",
      "provider": "provider[\"registry.terraform.io/hashicorp/azurerm\"]",
      "instances": [
        {
          "index_key": 0,
          "schema_version": 0,
          "attributes": {
            "additional_capabilities": [],
            "admin_password": null,
            "admin_ssh_key": [
              {
                "public_key": "ssh-rsa AAAAB3NzaC1yc2EAAAADAQABAAACAQCP7yA0jOsTE6qfuxWeMWBNrv6lJULrscZBc+s1SfSXEJYbZig8dBbzOayToM3bivJ9zZaj0nbN6fXrQ97Ouz4PE31WeyfX9b10Zn1x6kO0SRZckncMSZUNL9pCm//SAflhkhYop+m7D6TMyyaUdsgznK2K8fKmci+npVDpZ2OlNOXDsFX5FLVp7+YmkwtdV9+y8y9ytVh+W2JddLi0bixXKkoXBEEu7uMvRzKfHifvWInhcR4P2QBejSBt+YSR8viBd2yAqO4aacGa5ZYJin2QC/IQRqhzh0HhlqE70fcUW8ttZAexNM/R+w7GP/NxB4IRboLZaIzz8q9JxprjYg26eS+LZMaJCNkOr3Ju/wMIc1RcmciTCUJ/lQmc0bdksJuyvesbHcFCURdBauRexdrsGSLUhVGFA8zm+thmPpsqXt8OANGrwwMIIWWuTfp2vmhb9NUuIZjjq66KLqV6/5Bg1eK94gThXYSSxe22+ARNEtLediPaZSRw8vQBOoQ3uOuT0Bz9nASEAwZKz1PFzXfwDskVzhKLv7oqnAW7GuScGc7pcu2jfcOtQWARXzJkXkpt/xzd2cR5svmnrOki9lCgYitSXC1hazv1Wnx5gDKLy09IkG2W6bNG0mMOWMXpZJJzAHO+EPRQarXhKc+GrUehvV85nGDpDuSxUUWfEMguNw== samir@SandboxHost-639119361290448026",
                "username": "azureuser"
              }
            ],
            "admin_username": "azureuser",
            "allow_extension_operations": true,
            "availability_set_id": "",
            "boot_diagnostics": [],
            "bypass_platform_safety_checks_on_user_schedule_enabled": false,
            "capacity_reservation_group_id": "",
            "computer_name": "alm-iac-worker-1",
            "custom_data": null,
            "dedicated_host_group_id": "",
            "dedicated_host_id": "",
            "disable_password_authentication": true,
            "disk_controller_type": "NVMe",
            "edge_zone": "",
            "encryption_at_host_enabled": false,
            "eviction_policy": "",
            "extensions_time_budget": "PT1H30M",
            "gallery_application": [],
            "id": "/subscriptions/5eca8571-53e5-4e01-8013-33131d6861dd/resourceGroups/alm-iac-rg/providers/Microsoft.Compute/virtualMachines/alm-iac-worker-1",
            "identity": [],
            "license_type": "",
            "location": "westeurope",
            "max_bid_price": -1,
            "name": "alm-iac-worker-1",
            "network_interface_ids": [
              "/subscriptions/5eca8571-53e5-4e01-8013-33131d6861dd/resourceGroups/alm-iac-rg/providers/Microsoft.Network/networkInterfaces/alm-iac-worker-1-nic"
            ],
            "os_disk": [
              {
                "caching": "ReadWrite",
                "diff_disk_settings": [],
                "disk_encryption_set_id": "",
                "disk_size_gb": 50,
                "id": "/subscriptions/5eca8571-53e5-4e01-8013-33131d6861dd/resourceGroups/alm-iac-rg/providers/Microsoft.Compute/disks/alm-iac-worker-1_OsDisk_1_08ff118bd3414f71898700abfd142250",
                "name": "alm-iac-worker-1_OsDisk_1_08ff118bd3414f71898700abfd142250",
                "secure_vm_disk_encryption_set_id": "",
                "security_encryption_type": "",
                "storage_account_type": "Standard_LRS",
                "write_accelerator_enabled": false
              }
            ],
            "os_image_notification": [],
            "os_managed_disk_id": "/subscriptions/5eca8571-53e5-4e01-8013-33131d6861dd/resourceGroups/alm-iac-rg/providers/Microsoft.Compute/disks/alm-iac-worker-1_OsDisk_1_08ff118bd3414f71898700abfd142250",
            "patch_assessment_mode": "ImageDefault",
            "patch_mode": "ImageDefault",
            "plan": [],
            "platform_fault_domain": -1,
            "priority": "Regular",
            "private_ip_address": "10.0.1.11",
            "private_ip_addresses": [
              "10.0.1.11"
            ],
            "provision_vm_agent": true,
            "proximity_placement_group_id": "",
            "public_ip_address": "40.113.141.158",
            "public_ip_addresses": [
              "40.113.141.158"
            ],
            "reboot_setting": "",
            "resource_group_name": "alm-iac-rg",
            "secret": [],
            "secure_boot_enabled": false,
            "size": "Standard_F1as_v7",
            "source_image_id": "",
            "source_image_reference": [
              {
                "offer": "almalinux-x86_64",
                "publisher": "almalinux",
                "sku": "9-gen2",
                "version": "latest"
              }
            ],
            "tags": {
              "role": "worker"
            },
            "termination_notification": [],
            "timeouts": null,
            "user_data": "",
            "virtual_machine_id": "a876bb23-58a4-4d2c-b2f7-5e163ba37658",
            "virtual_machine_scale_set_id": "",
            "vm_agent_platform_updates_enabled": false,
            "vtpm_enabled": false,
            "zone": ""
          },
          "sensitive_attributes": [
            [
              {
                "type": "get_attr",
                "value": "admin_password"
              }
            ],
            [
              {
                "type": "get_attr",
                "value": "custom_data"
              }
            ]
          ],
          "identity_schema_version": 0,
          "private": "eyJlMmJmYjczMC1lY2FhLTExZTYtOGY4OC0zNDM2M2JjN2M0YzAiOnsiY3JlYXRlIjoyNzAwMDAwMDAwMDAwLCJkZWxldGUiOjI3MDAwMDAwMDAwMDAsInJlYWQiOjMwMDAwMDAwMDAwMCwidXBkYXRlIjoyNzAwMDAwMDAwMDAwfX0=",
          "dependencies": [
            "azurerm_network_interface.worker",
            "azurerm_public_ip.worker",
            "azurerm_resource_group.main",
            "azurerm_subnet.main",
            "azurerm_virtual_network.main",
            "time_sleep.wait_for_vnet"
          ]
        },
        {
          "index_key": 1,
          "schema_version": 0,
          "attributes": {
            "additional_capabilities": [],
            "admin_password": null,
            "admin_ssh_key": [
              {
                "public_key": "ssh-rsa AAAAB3NzaC1yc2EAAAADAQABAAACAQCP7yA0jOsTE6qfuxWeMWBNrv6lJULrscZBc+s1SfSXEJYbZig8dBbzOayToM3bivJ9zZaj0nbN6fXrQ97Ouz4PE31WeyfX9b10Zn1x6kO0SRZckncMSZUNL9pCm//SAflhkhYop+m7D6TMyyaUdsgznK2K8fKmci+npVDpZ2OlNOXDsFX5FLVp7+YmkwtdV9+y8y9ytVh+W2JddLi0bixXKkoXBEEu7uMvRzKfHifvWInhcR4P2QBejSBt+YSR8viBd2yAqO4aacGa5ZYJin2QC/IQRqhzh0HhlqE70fcUW8ttZAexNM/R+w7GP/NxB4IRboLZaIzz8q9JxprjYg26eS+LZMaJCNkOr3Ju/wMIc1RcmciTCUJ/lQmc0bdksJuyvesbHcFCURdBauRexdrsGSLUhVGFA8zm+thmPpsqXt8OANGrwwMIIWWuTfp2vmhb9NUuIZjjq66KLqV6/5Bg1eK94gThXYSSxe22+ARNEtLediPaZSRw8vQBOoQ3uOuT0Bz9nASEAwZKz1PFzXfwDskVzhKLv7oqnAW7GuScGc7pcu2jfcOtQWARXzJkXkpt/xzd2cR5svmnrOki9lCgYitSXC1hazv1Wnx5gDKLy09IkG2W6bNG0mMOWMXpZJJzAHO+EPRQarXhKc+GrUehvV85nGDpDuSxUUWfEMguNw== samir@SandboxHost-639119361290448026",
                "username": "azureuser"
              }
            ],
            "admin_username": "azureuser",
            "allow_extension_operations": true,
            "availability_set_id": "",
            "boot_diagnostics": [],
            "bypass_platform_safety_checks_on_user_schedule_enabled": false,
            "capacity_reservation_group_id": "",
            "computer_name": "alm-iac-worker-2",
            "custom_data": null,
            "dedicated_host_group_id": "",
            "dedicated_host_id": "",
            "disable_password_authentication": true,
            "disk_controller_type": "NVMe",
            "edge_zone": "",
            "encryption_at_host_enabled": false,
            "eviction_policy": "",
            "extensions_time_budget": "PT1H30M",
            "gallery_application": [],
            "id": "/subscriptions/5eca8571-53e5-4e01-8013-33131d6861dd/resourceGroups/alm-iac-rg/providers/Microsoft.Compute/virtualMachines/alm-iac-worker-2",
            "identity": [],
            "license_type": "",
            "location": "westeurope",
            "max_bid_price": -1,
            "name": "alm-iac-worker-2",
            "network_interface_ids": [
              "/subscriptions/5eca8571-53e5-4e01-8013-33131d6861dd/resourceGroups/alm-iac-rg/providers/Microsoft.Network/networkInterfaces/alm-iac-worker-2-nic"
            ],
            "os_disk": [
              {
                "caching": "ReadWrite",
                "diff_disk_settings": [],
                "disk_encryption_set_id": "",
                "disk_size_gb": 50,
                "id": "/subscriptions/5eca8571-53e5-4e01-8013-33131d6861dd/resourceGroups/alm-iac-rg/providers/Microsoft.Compute/disks/alm-iac-worker-2_OsDisk_1_22a4425048034bf9a62626051638dd92",
                "name": "alm-iac-worker-2_OsDisk_1_22a4425048034bf9a62626051638dd92",
                "secure_vm_disk_encryption_set_id": "",
                "security_encryption_type": "",
                "storage_account_type": "Standard_LRS",
                "write_accelerator_enabled": false
              }
            ],
            "os_image_notification": [],
            "os_managed_disk_id": "/subscriptions/5eca8571-53e5-4e01-8013-33131d6861dd/resourceGroups/alm-iac-rg/providers/Microsoft.Compute/disks/alm-iac-worker-2_OsDisk_1_22a4425048034bf9a62626051638dd92",
            "patch_assessment_mode": "ImageDefault",
            "patch_mode": "ImageDefault",
            "plan": [],
            "platform_fault_domain": -1,
            "priority": "Regular",
            "private_ip_address": "10.0.1.12",
            "private_ip_addresses": [
              "10.0.1.12"
            ],
            "provision_vm_agent": true,
            "proximity_placement_group_id": "",
            "public_ip_address": "51.124.248.198",
            "public_ip_addresses": [
              "51.124.248.198"
            ],
            "reboot_setting": "",
            "resource_group_name": "alm-iac-rg",
            "secret": [],
            "secure_boot_enabled": false,
            "size": "Standard_F1as_v7",
            "source_image_id": "",
            "source_image_reference": [
              {
                "offer": "almalinux-x86_64",
                "publisher": "almalinux",
                "sku": "9-gen2",
                "version": "latest"
              }
            ],
            "tags": {
              "role": "worker"
            },
            "termination_notification": [],
            "timeouts": null,
            "user_data": "",
            "virtual_machine_id": "09e87772-f66b-4648-a377-dbe918b9befa",
            "virtual_machine_scale_set_id": "",
            "vm_agent_platform_updates_enabled": false,
            "vtpm_enabled": false,
            "zone": ""
          },
          "sensitive_attributes": [
            [
              {
                "type": "get_attr",
                "value": "admin_password"
              }
            ],
            [
              {
                "type": "get_attr",
                "value": "custom_data"
              }
            ]
          ],
          "identity_schema_version": 0,
          "private": "eyJlMmJmYjczMC1lY2FhLTExZTYtOGY4OC0zNDM2M2JjN2M0YzAiOnsiY3JlYXRlIjoyNzAwMDAwMDAwMDAwLCJkZWxldGUiOjI3MDAwMDAwMDAwMDAsInJlYWQiOjMwMDAwMDAwMDAwMCwidXBkYXRlIjoyNzAwMDAwMDAwMDAwfX0=",
          "dependencies": [
            "azurerm_network_interface.worker",
            "azurerm_public_ip.worker",
            "azurerm_resource_group.main",
            "azurerm_subnet.main",
            "azurerm_virtual_network.main",
            "time_sleep.wait_for_vnet"
          ]
        }
      ]
    },
    {
      "mode": "managed",
      "type": "azurerm_network_interface",
      "name": "master",
      "provider": "provider[\"registry.terraform.io/hashicorp/azurerm\"]",
      "instances": [
        {
          "schema_version": 0,
          "attributes": {
            "accelerated_networking_enabled": false,
            "applied_dns_servers": [],
            "auxiliary_mode": "",
            "auxiliary_sku": "",
            "dns_servers": [],
            "edge_zone": "",
            "id": "/subscriptions/5eca8571-53e5-4e01-8013-33131d6861dd/resourceGroups/alm-iac-rg/providers/Microsoft.Network/networkInterfaces/alm-iac-master-nic",
            "internal_dns_name_label": "",
            "internal_domain_name_suffix": "hgfwgmownjqubez55wjtvli0nd.ax.internal.cloudapp.net",
            "ip_configuration": [
              {
                "gateway_load_balancer_frontend_ip_configuration_id": "",
                "name": "internal",
                "primary": true,
                "private_ip_address": "10.0.1.10",
                "private_ip_address_allocation": "Static",
                "private_ip_address_version": "IPv4",
                "public_ip_address_id": "/subscriptions/5eca8571-53e5-4e01-8013-33131d6861dd/resourceGroups/alm-iac-rg/providers/Microsoft.Network/publicIPAddresses/alm-iac-master-pip",
                "subnet_id": "/subscriptions/5eca8571-53e5-4e01-8013-33131d6861dd/resourceGroups/alm-iac-rg/providers/Microsoft.Network/virtualNetworks/alm-iac-vnet/subnets/alm-iac-subnet"
              }
            ],
            "ip_forwarding_enabled": false,
            "location": "westeurope",
            "mac_address": "00-0D-3A-A8-ED-99",
            "name": "alm-iac-master-nic",
            "private_ip_address": "10.0.1.10",
            "private_ip_addresses": [
              "10.0.1.10"
            ],
            "resource_group_name": "alm-iac-rg",
            "tags": {},
            "timeouts": null,
            "virtual_machine_id": "/subscriptions/5eca8571-53e5-4e01-8013-33131d6861dd/resourceGroups/alm-iac-rg/providers/Microsoft.Compute/virtualMachines/alm-iac-master"
          },
          "sensitive_attributes": [],
          "identity_schema_version": 0,
          "identity": {
            "name": "alm-iac-master-nic",
            "resource_group_name": "alm-iac-rg",
            "subscription_id": "5eca8571-53e5-4e01-8013-33131d6861dd"
          },
          "private": "eyJlMmJmYjczMC1lY2FhLTExZTYtOGY4OC0zNDM2M2JjN2M0YzAiOnsiY3JlYXRlIjoxODAwMDAwMDAwMDAwLCJkZWxldGUiOjE4MDAwMDAwMDAwMDAsInJlYWQiOjMwMDAwMDAwMDAwMCwidXBkYXRlIjoxODAwMDAwMDAwMDAwfX0=",
          "dependencies": [
            "azurerm_public_ip.master",
            "azurerm_resource_group.main",
            "azurerm_subnet.main",
            "azurerm_virtual_network.main",
            "time_sleep.wait_for_vnet"
          ]
        }
      ]
    },
    {
      "mode": "managed",
      "type": "azurerm_network_interface",
      "name": "worker",
      "provider": "provider[\"registry.terraform.io/hashicorp/azurerm\"]",
      "instances": [
        {
          "index_key": 0,
          "schema_version": 0,
          "attributes": {
            "accelerated_networking_enabled": false,
            "applied_dns_servers": [],
            "auxiliary_mode": "",
            "auxiliary_sku": "",
            "dns_servers": [],
            "edge_zone": "",
            "id": "/subscriptions/5eca8571-53e5-4e01-8013-33131d6861dd/resourceGroups/alm-iac-rg/providers/Microsoft.Network/networkInterfaces/alm-iac-worker-1-nic",
            "internal_dns_name_label": "",
            "internal_domain_name_suffix": "hgfwgmownjqubez55wjtvli0nd.ax.internal.cloudapp.net",
            "ip_configuration": [
              {
                "gateway_load_balancer_frontend_ip_configuration_id": "",
                "name": "internal",
                "primary": true,
                "private_ip_address": "10.0.1.11",
                "private_ip_address_allocation": "Static",
                "private_ip_address_version": "IPv4",
                "public_ip_address_id": "/subscriptions/5eca8571-53e5-4e01-8013-33131d6861dd/resourceGroups/alm-iac-rg/providers/Microsoft.Network/publicIPAddresses/alm-iac-worker-1-pip",
                "subnet_id": "/subscriptions/5eca8571-53e5-4e01-8013-33131d6861dd/resourceGroups/alm-iac-rg/providers/Microsoft.Network/virtualNetworks/alm-iac-vnet/subnets/alm-iac-subnet"
              }
            ],
            "ip_forwarding_enabled": false,
            "location": "westeurope",
            "mac_address": "7C-ED-8D-97-DD-91",
            "name": "alm-iac-worker-1-nic",
            "private_ip_address": "10.0.1.11",
            "private_ip_addresses": [
              "10.0.1.11"
            ],
            "resource_group_name": "alm-iac-rg",
            "tags": {},
            "timeouts": null,
            "virtual_machine_id": "/subscriptions/5eca8571-53e5-4e01-8013-33131d6861dd/resourceGroups/alm-iac-rg/providers/Microsoft.Compute/virtualMachines/alm-iac-worker-1"
          },
          "sensitive_attributes": [],
          "identity_schema_version": 0,
          "identity": {
            "name": "alm-iac-worker-1-nic",
            "resource_group_name": "alm-iac-rg",
            "subscription_id": "5eca8571-53e5-4e01-8013-33131d6861dd"
          },
          "private": "eyJlMmJmYjczMC1lY2FhLTExZTYtOGY4OC0zNDM2M2JjN2M0YzAiOnsiY3JlYXRlIjoxODAwMDAwMDAwMDAwLCJkZWxldGUiOjE4MDAwMDAwMDAwMDAsInJlYWQiOjMwMDAwMDAwMDAwMCwidXBkYXRlIjoxODAwMDAwMDAwMDAwfX0=",
          "dependencies": [
            "azurerm_public_ip.worker",
            "azurerm_resource_group.main",
            "azurerm_subnet.main",
            "azurerm_virtual_network.main",
            "time_sleep.wait_for_vnet"
          ]
        },
        {
          "index_key": 1,
          "schema_version": 0,
          "attributes": {
            "accelerated_networking_enabled": false,
            "applied_dns_servers": [],
            "auxiliary_mode": "",
            "auxiliary_sku": "",
            "dns_servers": [],
            "edge_zone": "",
            "id": "/subscriptions/5eca8571-53e5-4e01-8013-33131d6861dd/resourceGroups/alm-iac-rg/providers/Microsoft.Network/networkInterfaces/alm-iac-worker-2-nic",
            "internal_dns_name_label": "",
            "internal_domain_name_suffix": "hgfwgmownjqubez55wjtvli0nd.ax.internal.cloudapp.net",
            "ip_configuration": [
              {
                "gateway_load_balancer_frontend_ip_configuration_id": "",
                "name": "internal",
                "primary": true,
                "private_ip_address": "10.0.1.12",
                "private_ip_address_allocation": "Static",
                "private_ip_address_version": "IPv4",
                "public_ip_address_id": "/subscriptions/5eca8571-53e5-4e01-8013-33131d6861dd/resourceGroups/alm-iac-rg/providers/Microsoft.Network/publicIPAddresses/alm-iac-worker-2-pip",
                "subnet_id": "/subscriptions/5eca8571-53e5-4e01-8013-33131d6861dd/resourceGroups/alm-iac-rg/providers/Microsoft.Network/virtualNetworks/alm-iac-vnet/subnets/alm-iac-subnet"
              }
            ],
            "ip_forwarding_enabled": false,
            "location": "westeurope",
            "mac_address": "60-45-BD-F4-A4-DD",
            "name": "alm-iac-worker-2-nic",
            "private_ip_address": "10.0.1.12",
            "private_ip_addresses": [
              "10.0.1.12"
            ],
            "resource_group_name": "alm-iac-rg",
            "tags": {},
            "timeouts": null,
            "virtual_machine_id": "/subscriptions/5eca8571-53e5-4e01-8013-33131d6861dd/resourceGroups/alm-iac-rg/providers/Microsoft.Compute/virtualMachines/alm-iac-worker-2"
          },
          "sensitive_attributes": [],
          "identity_schema_version": 0,
          "identity": {
            "name": "alm-iac-worker-2-nic",
            "resource_group_name": "alm-iac-rg",
            "subscription_id": "5eca8571-53e5-4e01-8013-33131d6861dd"
          },
          "private": "eyJlMmJmYjczMC1lY2FhLTExZTYtOGY4OC0zNDM2M2JjN2M0YzAiOnsiY3JlYXRlIjoxODAwMDAwMDAwMDAwLCJkZWxldGUiOjE4MDAwMDAwMDAwMDAsInJlYWQiOjMwMDAwMDAwMDAwMCwidXBkYXRlIjoxODAwMDAwMDAwMDAwfX0=",
          "dependencies": [
            "azurerm_public_ip.worker",
            "azurerm_resource_group.main",
            "azurerm_subnet.main",
            "azurerm_virtual_network.main",
            "time_sleep.wait_for_vnet"
          ]
        }
      ]
    },
    {
      "mode": "managed",
      "type": "azurerm_network_security_group",
      "name": "main",
      "provider": "provider[\"registry.terraform.io/hashicorp/azurerm\"]",
      "instances": [
        {
          "schema_version": 0,
          "attributes": {
            "id": "/subscriptions/5eca8571-53e5-4e01-8013-33131d6861dd/resourceGroups/alm-iac-rg/providers/Microsoft.Network/networkSecurityGroups/alm-iac-nsg",
            "location": "westeurope",
            "name": "alm-iac-nsg",
            "resource_group_name": "alm-iac-rg",
            "security_rule": [
              {
                "access": "Allow",
                "description": "",
                "destination_address_prefix": "*",
                "destination_address_prefixes": [],
                "destination_application_security_group_ids": [],
                "destination_port_range": "22",
                "destination_port_ranges": [],
                "direction": "Inbound",
                "name": "allow-ssh",
                "priority": 100,
                "protocol": "Tcp",
                "source_address_prefix": "",
                "source_address_prefixes": [
                  "196.115.84.127/32",
                  "196.92.1.224/32"
                ],
                "source_application_security_group_ids": [],
                "source_port_range": "*",
                "source_port_ranges": []
              },
              {
                "access": "Allow",
                "description": "",
                "destination_address_prefix": "*",
                "destination_address_prefixes": [],
                "destination_application_security_group_ids": [],
                "destination_port_range": "6443",
                "destination_port_ranges": [],
                "direction": "Inbound",
                "name": "allow-k8s-api",
                "priority": 110,
                "protocol": "Tcp",
                "source_address_prefix": "",
                "source_address_prefixes": [
                  "196.115.84.127/32",
                  "196.92.1.224/32"
                ],
                "source_application_security_group_ids": [],
                "source_port_range": "*",
                "source_port_ranges": []
              },
              {
                "access": "Allow",
                "description": null,
                "destination_address_prefix": "*",
                "destination_address_prefixes": [],
                "destination_application_security_group_ids": [],
                "destination_port_range": "*",
                "destination_port_ranges": [],
                "direction": "Inbound",
                "name": "allow-internal",
                "priority": 120,
                "protocol": "*",
                "source_address_prefix": "10.0.1.0/24",
                "source_address_prefixes": [],
                "source_application_security_group_ids": [],
                "source_port_range": "*",
                "source_port_ranges": []
              }
            ],
            "tags": {},
            "timeouts": null
          },
          "sensitive_attributes": [],
          "identity_schema_version": 0,
          "identity": {
            "name": "alm-iac-nsg",
            "resource_group_name": "alm-iac-rg",
            "subscription_id": "5eca8571-53e5-4e01-8013-33131d6861dd"
          },
          "private": "eyJlMmJmYjczMC1lY2FhLTExZTYtOGY4OC0zNDM2M2JjN2M0YzAiOnsiY3JlYXRlIjoxODAwMDAwMDAwMDAwLCJkZWxldGUiOjE4MDAwMDAwMDAwMDAsInJlYWQiOjMwMDAwMDAwMDAwMCwidXBkYXRlIjoxODAwMDAwMDAwMDAwfX0=",
          "dependencies": [
            "azurerm_resource_group.main"
          ]
        }
      ]
    },
    {
      "mode": "managed",
      "type": "azurerm_public_ip",
      "name": "master",
      "provider": "provider[\"registry.terraform.io/hashicorp/azurerm\"]",
      "instances": [
        {
          "schema_version": 0,
          "attributes": {
            "allocation_method": "Static",
            "ddos_protection_mode": "VirtualNetworkInherited",
            "ddos_protection_plan_id": null,
            "domain_name_label": "",
            "domain_name_label_scope": "",
            "edge_zone": "",
            "fqdn": "",
            "id": "/subscriptions/5eca8571-53e5-4e01-8013-33131d6861dd/resourceGroups/alm-iac-rg/providers/Microsoft.Network/publicIPAddresses/alm-iac-master-pip",
            "idle_timeout_in_minutes": 4,
            "ip_address": "51.124.159.85",
            "ip_tags": {},
            "ip_version": "IPv4",
            "location": "westeurope",
            "name": "alm-iac-master-pip",
            "public_ip_prefix_id": null,
            "resource_group_name": "alm-iac-rg",
            "reverse_fqdn": "",
            "sku": "Standard",
            "sku_tier": "Regional",
            "tags": {},
            "timeouts": null,
            "zones": []
          },
          "sensitive_attributes": [],
          "identity_schema_version": 0,
          "identity": {
            "name": "alm-iac-master-pip",
            "resource_group_name": "alm-iac-rg",
            "subscription_id": "5eca8571-53e5-4e01-8013-33131d6861dd"
          },
          "private": "eyJlMmJmYjczMC1lY2FhLTExZTYtOGY4OC0zNDM2M2JjN2M0YzAiOnsiY3JlYXRlIjoxODAwMDAwMDAwMDAwLCJkZWxldGUiOjE4MDAwMDAwMDAwMDAsInJlYWQiOjMwMDAwMDAwMDAwMCwidXBkYXRlIjoxODAwMDAwMDAwMDAwfX0=",
          "dependencies": [
            "azurerm_resource_group.main"
          ]
        }
      ]
    },
    {
      "mode": "managed",
      "type": "azurerm_public_ip",
      "name": "worker",
      "provider": "provider[\"registry.terraform.io/hashicorp/azurerm\"]",
      "instances": [
        {
          "index_key": 0,
          "schema_version": 0,
          "attributes": {
            "allocation_method": "Static",
            "ddos_protection_mode": "VirtualNetworkInherited",
            "ddos_protection_plan_id": null,
            "domain_name_label": "",
            "domain_name_label_scope": "",
            "edge_zone": "",
            "fqdn": "",
            "id": "/subscriptions/5eca8571-53e5-4e01-8013-33131d6861dd/resourceGroups/alm-iac-rg/providers/Microsoft.Network/publicIPAddresses/alm-iac-worker-1-pip",
            "idle_timeout_in_minutes": 4,
            "ip_address": "40.113.141.158",
            "ip_tags": {},
            "ip_version": "IPv4",
            "location": "westeurope",
            "name": "alm-iac-worker-1-pip",
            "public_ip_prefix_id": null,
            "resource_group_name": "alm-iac-rg",
            "reverse_fqdn": "",
            "sku": "Standard",
            "sku_tier": "Regional",
            "tags": {},
            "timeouts": null,
            "zones": []
          },
          "sensitive_attributes": [],
          "identity_schema_version": 0,
          "identity": {
            "name": "alm-iac-worker-1-pip",
            "resource_group_name": "alm-iac-rg",
            "subscription_id": "5eca8571-53e5-4e01-8013-33131d6861dd"
          },
          "private": "eyJlMmJmYjczMC1lY2FhLTExZTYtOGY4OC0zNDM2M2JjN2M0YzAiOnsiY3JlYXRlIjoxODAwMDAwMDAwMDAwLCJkZWxldGUiOjE4MDAwMDAwMDAwMDAsInJlYWQiOjMwMDAwMDAwMDAwMCwidXBkYXRlIjoxODAwMDAwMDAwMDAwfX0=",
          "dependencies": [
            "azurerm_resource_group.main"
          ]
        },
        {
          "index_key": 1,
          "schema_version": 0,
          "attributes": {
            "allocation_method": "Static",
            "ddos_protection_mode": "VirtualNetworkInherited",
            "ddos_protection_plan_id": null,
            "domain_name_label": "",
            "domain_name_label_scope": "",
            "edge_zone": "",
            "fqdn": "",
            "id": "/subscriptions/5eca8571-53e5-4e01-8013-33131d6861dd/resourceGroups/alm-iac-rg/providers/Microsoft.Network/publicIPAddresses/alm-iac-worker-2-pip",
            "idle_timeout_in_minutes": 4,
            "ip_address": "51.124.248.198",
            "ip_tags": {},
            "ip_version": "IPv4",
            "location": "westeurope",
            "name": "alm-iac-worker-2-pip",
            "public_ip_prefix_id": null,
            "resource_group_name": "alm-iac-rg",
            "reverse_fqdn": "",
            "sku": "Standard",
            "sku_tier": "Regional",
            "tags": {},
            "timeouts": null,
            "zones": []
          },
          "sensitive_attributes": [],
          "identity_schema_version": 0,
          "identity": {
            "name": "alm-iac-worker-2-pip",
            "resource_group_name": "alm-iac-rg",
            "subscription_id": "5eca8571-53e5-4e01-8013-33131d6861dd"
          },
          "private": "eyJlMmJmYjczMC1lY2FhLTExZTYtOGY4OC0zNDM2M2JjN2M0YzAiOnsiY3JlYXRlIjoxODAwMDAwMDAwMDAwLCJkZWxldGUiOjE4MDAwMDAwMDAwMDAsInJlYWQiOjMwMDAwMDAwMDAwMCwidXBkYXRlIjoxODAwMDAwMDAwMDAwfX0=",
          "dependencies": [
            "azurerm_resource_group.main"
          ]
        }
      ]
    },
    {
      "mode": "managed",
      "type": "azurerm_resource_group",
      "name": "main",
      "provider": "provider[\"registry.terraform.io/hashicorp/azurerm\"]",
      "instances": [
        {
          "schema_version": 0,
          "attributes": {
            "id": "/subscriptions/5eca8571-53e5-4e01-8013-33131d6861dd/resourceGroups/alm-iac-rg",
            "location": "westeurope",
            "managed_by": "",
            "name": "alm-iac-rg",
            "tags": {},
            "timeouts": null
          },
          "sensitive_attributes": [],
          "identity_schema_version": 0,
          "identity": {
            "name": "alm-iac-rg",
            "subscription_id": "5eca8571-53e5-4e01-8013-33131d6861dd"
          },
          "private": "eyJlMmJmYjczMC1lY2FhLTExZTYtOGY4OC0zNDM2M2JjN2M0YzAiOnsiY3JlYXRlIjo1NDAwMDAwMDAwMDAwLCJkZWxldGUiOjU0MDAwMDAwMDAwMDAsInJlYWQiOjMwMDAwMDAwMDAwMCwidXBkYXRlIjo1NDAwMDAwMDAwMDAwfX0="
        }
      ]
    },
    {
      "mode": "managed",
      "type": "azurerm_subnet",
      "name": "main",
      "provider": "provider[\"registry.terraform.io/hashicorp/azurerm\"]",
      "instances": [
        {
          "schema_version": 0,
          "attributes": {
            "address_prefixes": [
              "10.0.1.0/24"
            ],
            "default_outbound_access_enabled": true,
            "delegation": [],
            "id": "/subscriptions/5eca8571-53e5-4e01-8013-33131d6861dd/resourceGroups/alm-iac-rg/providers/Microsoft.Network/virtualNetworks/alm-iac-vnet/subnets/alm-iac-subnet",
            "ip_address_pool": [],
            "name": "alm-iac-subnet",
            "private_endpoint_network_policies": "Disabled",
            "private_link_service_network_policies_enabled": true,
            "resource_group_name": "alm-iac-rg",
            "service_endpoint_policy_ids": [],
            "service_endpoints": [],
            "sharing_scope": "",
            "timeouts": null,
            "virtual_network_name": "alm-iac-vnet"
          },
          "sensitive_attributes": [],
          "identity_schema_version": 0,
          "identity": {
            "name": "alm-iac-subnet",
            "resource_group_name": "alm-iac-rg",
            "subscription_id": "5eca8571-53e5-4e01-8013-33131d6861dd",
            "virtual_network_name": "alm-iac-vnet"
          },
          "private": "eyJlMmJmYjczMC1lY2FhLTExZTYtOGY4OC0zNDM2M2JjN2M0YzAiOnsiY3JlYXRlIjoxODAwMDAwMDAwMDAwLCJkZWxldGUiOjE4MDAwMDAwMDAwMDAsInJlYWQiOjMwMDAwMDAwMDAwMCwidXBkYXRlIjoxODAwMDAwMDAwMDAwfX0=",
          "dependencies": [
            "azurerm_resource_group.main",
            "azurerm_virtual_network.main",
            "time_sleep.wait_for_vnet"
          ]
        }
      ]
    },
    {
      "mode": "managed",
      "type": "azurerm_subnet_network_security_group_association",
      "name": "main",
      "provider": "provider[\"registry.terraform.io/hashicorp/azurerm\"]",
      "instances": [
        {
          "schema_version": 0,
          "attributes": {
            "id": "/subscriptions/5eca8571-53e5-4e01-8013-33131d6861dd/resourceGroups/alm-iac-rg/providers/Microsoft.Network/virtualNetworks/alm-iac-vnet/subnets/alm-iac-subnet",
            "network_security_group_id": "/subscriptions/5eca8571-53e5-4e01-8013-33131d6861dd/resourceGroups/alm-iac-rg/providers/Microsoft.Network/networkSecurityGroups/alm-iac-nsg",
            "subnet_id": "/subscriptions/5eca8571-53e5-4e01-8013-33131d6861dd/resourceGroups/alm-iac-rg/providers/Microsoft.Network/virtualNetworks/alm-iac-vnet/subnets/alm-iac-subnet",
            "timeouts": null
          },
          "sensitive_attributes": [],
          "identity_schema_version": 0,
          "private": "eyJlMmJmYjczMC1lY2FhLTExZTYtOGY4OC0zNDM2M2JjN2M0YzAiOnsiY3JlYXRlIjoxODAwMDAwMDAwMDAwLCJkZWxldGUiOjE4MDAwMDAwMDAwMDAsInJlYWQiOjMwMDAwMDAwMDAwMH19",
          "dependencies": [
            "azurerm_network_security_group.main",
            "azurerm_resource_group.main",
            "azurerm_subnet.main",
            "azurerm_virtual_network.main",
            "time_sleep.wait_for_vnet"
          ]
        }
      ]
    },
    {
      "mode": "managed",
      "type": "azurerm_virtual_network",
      "name": "main",
      "provider": "provider[\"registry.terraform.io/hashicorp/azurerm\"]",
      "instances": [
        {
          "schema_version": 0,
          "attributes": {
            "address_space": [
              "10.0.0.0/16"
            ],
            "bgp_community": "",
            "ddos_protection_plan": [],
            "dns_servers": [],
            "edge_zone": "",
            "encryption": [],
            "flow_timeout_in_minutes": 0,
            "guid": "31638b39-6ad6-4061-933f-fd933aad1a6b",
            "id": "/subscriptions/5eca8571-53e5-4e01-8013-33131d6861dd/resourceGroups/alm-iac-rg/providers/Microsoft.Network/virtualNetworks/alm-iac-vnet",
            "ip_address_pool": [],
            "location": "westeurope",
            "name": "alm-iac-vnet",
            "private_endpoint_vnet_policies": "Disabled",
            "resource_group_name": "alm-iac-rg",
            "subnet": [
              {
                "address_prefixes": [
                  "10.0.1.0/24"
                ],
                "default_outbound_access_enabled": true,
                "delegation": [],
                "id": "/subscriptions/5eca8571-53e5-4e01-8013-33131d6861dd/resourceGroups/alm-iac-rg/providers/Microsoft.Network/virtualNetworks/alm-iac-vnet/subnets/alm-iac-subnet",
                "name": "alm-iac-subnet",
                "private_endpoint_network_policies": "Disabled",
                "private_link_service_network_policies_enabled": true,
                "route_table_id": "",
                "security_group": "/subscriptions/5eca8571-53e5-4e01-8013-33131d6861dd/resourceGroups/alm-iac-rg/providers/Microsoft.Network/networkSecurityGroups/alm-iac-nsg",
                "service_endpoint_policy_ids": [],
                "service_endpoints": []
              }
            ],
            "tags": {},
            "timeouts": null
          },
          "sensitive_attributes": [],
          "identity_schema_version": 0,
          "identity": {
            "name": "alm-iac-vnet",
            "resource_group_name": "alm-iac-rg",
            "subscription_id": "5eca8571-53e5-4e01-8013-33131d6861dd"
          },
          "private": "eyJlMmJmYjczMC1lY2FhLTExZTYtOGY4OC0zNDM2M2JjN2M0YzAiOnsiY3JlYXRlIjoxODAwMDAwMDAwMDAwLCJkZWxldGUiOjE4MDAwMDAwMDAwMDAsInJlYWQiOjMwMDAwMDAwMDAwMCwidXBkYXRlIjoxODAwMDAwMDAwMDAwfX0=",
          "dependencies": [
            "azurerm_resource_group.main"
          ]
        }
      ]
    },
    {
      "mode": "managed",
      "type": "time_sleep",
      "name": "wait_for_vnet",
      "provider": "provider[\"registry.terraform.io/hashicorp/time\"]",
      "instances": [
        {
          "schema_version": 0,
          "attributes": {
            "create_duration": "60s",
            "destroy_duration": null,
            "id": "2026-04-16T15:39:05Z",
            "triggers": null
          },
          "sensitive_attributes": [],
          "identity_schema_version": 0,
          "dependencies": [
            "azurerm_resource_group.main",
            "azurerm_virtual_network.main"
          ]
        }
      ]
    }
  ],
  "check_results": null
}
